
Microsoft Visual Studio Solution File, Format Version 12.00
# Visual Studio Version 16
VisualStudioVersion = 16.0.30523.141
MinimumVisualStudioVersion = 10.0.40219.1
Project("{9A19103F-16F7-4668-BE54-9A1E7A4F7556}") = "VendasWEB", "VendasWEB.csproj", "{A2765E77-075F-4099-95DD-01E92612139A}"
EndProject
Global
	GlobalSection(SolutionConfigurationPlatforms) = preSolution
		Debug|Any CPU = Debug|Any CPU
		Release|Any CPU = Release|Any CPU
	EndGlobalSection
	GlobalSection(ProjectConfigurationPlatforms) = postSolution
		{A2765E77-075F-4099-95DD-01E92612139A}.Debug|Any CPU.ActiveCfg = Debug|Any CPU
		{A2765E77-075F-4099-95DD-01E92612139A}.Debug|Any CPU.Build.0 = Debug|Any CPU
		{A2765E77-075F-4099-95DD-01E92612139A}.Release|Any CPU.ActiveCfg = Release|Any CPU
		{A2765E77-075F-4099-95DD-01E92612139A}.Release|Any CPU.Build.0 = Release|Any CPU
	EndGlobalSection
	GlobalSection(SolutionProperties) = preSolution
		HideSolutionNode = FALSE
	EndGlobalSection
	GlobalSection(ExtensibilityGlobals) = postSolution
		SolutionGuid = {FDF6FE90-DA73-48DB-87D4-69FDC3511334}
	EndGlobalSection
EndGlobal
